
Microsoft Visual Studio Solution File, Format Version 12.00
# Visual Studio Version 17
VisualStudioVersion = 17.11.35222.181
MinimumVisualStudioVersion = 10.0.40219.1
Project("{FAE04EC0-301F-11D3-BF4B-00C04F79EFBC}") = "AnimalCare_dbFirst", "AnimalCare_dbFirst.csproj", "{F405DC70-5FA2-4B29-8CF6-36924F76A74A}"
EndProject
Global
	GlobalSection(SolutionConfigurationPlatforms) = preSolution
		Debug|Any CPU = Debug|Any CPU
		Release|Any CPU = Release|Any CPU
	EndGlobalSection
	GlobalSection(ProjectConfigurationPlatforms) = postSolution
		{F405DC70-5FA2-4B29-8CF6-36924F76A74A}.Debug|Any CPU.ActiveCfg = Debug|Any CPU
		{F405DC70-5FA2-4B29-8CF6-36924F76A74A}.Debug|Any CPU.Build.0 = Debug|Any CPU
		{F405DC70-5FA2-4B29-8CF6-36924F76A74A}.Release|Any CPU.ActiveCfg = Release|Any CPU
		{F405DC70-5FA2-4B29-8CF6-36924F76A74A}.Release|Any CPU.Build.0 = Release|Any CPU
	EndGlobalSection
	GlobalSection(SolutionProperties) = preSolution
		HideSolutionNode = FALSE
	EndGlobalSection
	GlobalSection(ExtensibilityGlobals) = postSolution
		SolutionGuid = {340C5C3D-9FE3-46FE-B16C-40B456A579ED}
	EndGlobalSection
EndGlobal
